
Microsoft Visual Studio Solution File, Format Version 12.00
Project("{FAE04EC0-301F-11D3-BF4B-00C04F79EFBC}") = "bach-bash", "bach-bash.csproj", "{0FBD3102-7FD8-493D-89EC-B85FD327D632}"
EndProject
Project("{2150E333-8FDC-42A3-9474-1A3956D46DE8}") = "Solution Items", "Solution Items", "{F2A9C4A5-31A8-4C4B-8329-6DDB090E72B7}"
	ProjectSection(SolutionItems) = preProject
		compose.yaml = compose.yaml
	EndProjectSection
EndProject
Global
	GlobalSection(SolutionConfigurationPlatforms) = preSolution
		Debug|Any CPU = Debug|Any CPU
		Release|Any CPU = Release|Any CPU
	EndGlobalSection
	GlobalSection(ProjectConfigurationPlatforms) = postSolution
		{0FBD3102-7FD8-493D-89EC-B85FD327D632}.Debug|Any CPU.ActiveCfg = Debug|Any CPU
		{0FBD3102-7FD8-493D-89EC-B85FD327D632}.Debug|Any CPU.Build.0 = Debug|Any CPU
		{0FBD3102-7FD8-493D-89EC-B85FD327D632}.Release|Any CPU.ActiveCfg = Release|Any CPU
		{0FBD3102-7FD8-493D-89EC-B85FD327D632}.Release|Any CPU.Build.0 = Release|Any CPU
	EndGlobalSection
EndGlobal
